{
    "_readme": [
        "This file locks the dependencies of your project to a known state",
        "Read more about it at https://getcomposer.org/doc/01-basic-usage.md#composer-lock-the-lock-file",
        "This file is @generated automatically"
    ],
    "hash": "3f1bb6f69d95099eb46d8664b947b799",
    "content-hash": "2980250c932faad3060bc82e8e7143b7",
    "packages": [
        {
            "name": "psr/log",
            "version": "1.0.0",
            "source": {
                "type": "git",
                "url": "https://github.com/php-fig/log.git",
                "reference": "fe0936ee26643249e916849d48e3a51d5f5e278b"
            },
            "dist": {
                "type": "zip",
                "url": "https://api.github.com/repos/php-fig/log/zipball/fe0936ee26643249e916849d48e3a51d5f5e278b",
                "reference": "fe0936ee26643249e916849d48e3a51d5f5e278b",
                "shasum": ""
            },
            "type": "library",
            "autoload": {
                "psr-0": {
                    "Psr\\Log\\": ""
                }
            },
            "notification-url": "https://packagist.org/downloads/",
            "license": [
                "MIT"
            ],
            "authors": [
                {
                    "name": "PHP-FIG",
                    "homepage": "http://www.php-fig.org/"
                }
            ],
            "description": "Common interface for logging libraries",
            "keywords": [
                "log",
                "psr",
                "psr-3"
            ],
            "time": "2012-12-21 11:40:51"
        },
        {
            "name": "wrep/notificato",
            "version": "1.2.0",
            "source": {
                "type": "git",
                "url": "https://github.com/mac-cain13/notificato.git",
                "reference": "b6e025cff000d2235c22ab7c1fd1b7d15389f4dd"
            },
            "dist": {
                "type": "zip",
                "url": "https://api.github.com/repos/mac-cain13/notificato/zipball/b6e025cff000d2235c22ab7c1fd1b7d15389f4dd",
                "reference": "b6e025cff000d2235c22ab7c1fd1b7d15389f4dd",
                "shasum": ""
            },
            "require": {
                "ext-openssl": "*",
                "ext-sockets": "*",
                "ext-spl": "*",
                "lib-openssl": "*",
                "php": ">=5.4",
                "psr/log": "1.0.*"
            },
            "replace": {
                "wrep/notificare": "*"
            },
            "require-dev": {
                "phpunit/phpunit": "4.4.*",
                "sami/sami": "dev-master"
            },
            "suggest": {
                "wrep/notificato-symfony": "Integrate Notificato into Symfony2"
            },
            "type": "library",
            "autoload": {
                "psr-0": {
                    "Wrep\\Notificato\\": "src/"
                }
            },
            "notification-url": "https://packagist.org/downloads/",
            "license": [
                "MIT"
            ],
            "authors": [
                {
                    "name": "Mathijs Kadijk",
                    "email": "mkadijk@gmail.com"
                }
            ],
            "description": "Takes care of push notifications in your PHP projects.",
            "homepage": "https://github.com/mac-cain13/notificato",
            "keywords": [
                "apns",
                "aps",
                "ios",
                "notifications",
                "push",
                "push notifications",
                "pushnotifications"
            ],
            "time": "2016-02-11 21:19:52"
        }
    ],
    "packages-dev": [],
    "aliases": [],
    "minimum-stability": "stable",
    "stability-flags": [],
    "prefer-stable": false,
    "prefer-lowest": false,
    "platform": [],
    "platform-dev": []
}
